
Microsoft Visual Studio Solution File, Format Version 12.00
Project("{FAE04EC0-301F-11D3-BF4B-00C04F79EFBC}") = "MaLoIdentModels", "MaLoIdentModels\MaLoIdentModels.csproj", "{7C8589CA-C00B-47E7-A316-819B3F2A49B2}"
EndProject
Project("{2150E333-8FDC-42A3-9474-1A3956D46DE8}") = "Solution Items", "Solution Items", "{FEECA545-CEA2-4107-BD14-0898A6CD65D8}"
EndProject
Project("{FAE04EC0-301F-11D3-BF4B-00C04F79EFBC}") = "MaLoIdentModelsTests", "MaLoIdentModelsTests\MaLoIdentModelsTests.csproj", "{CFAF4514-C720-43AB-9049-C98B108AEAA9}"
EndProject
Global
	GlobalSection(SolutionConfigurationPlatforms) = preSolution
		Debug|Any CPU = Debug|Any CPU
		Release|Any CPU = Release|Any CPU
	EndGlobalSection
	GlobalSection(ProjectConfigurationPlatforms) = postSolution
		{7C8589CA-C00B-47E7-A316-819B3F2A49B2}.Debug|Any CPU.ActiveCfg = Debug|Any CPU
		{7C8589CA-C00B-47E7-A316-819B3F2A49B2}.Debug|Any CPU.Build.0 = Debug|Any CPU
		{7C8589CA-C00B-47E7-A316-819B3F2A49B2}.Release|Any CPU.ActiveCfg = Release|Any CPU
		{7C8589CA-C00B-47E7-A316-819B3F2A49B2}.Release|Any CPU.Build.0 = Release|Any CPU
		{CFAF4514-C720-43AB-9049-C98B108AEAA9}.Debug|Any CPU.ActiveCfg = Debug|Any CPU
		{CFAF4514-C720-43AB-9049-C98B108AEAA9}.Debug|Any CPU.Build.0 = Debug|Any CPU
		{CFAF4514-C720-43AB-9049-C98B108AEAA9}.Release|Any CPU.ActiveCfg = Release|Any CPU
		{CFAF4514-C720-43AB-9049-C98B108AEAA9}.Release|Any CPU.Build.0 = Release|Any CPU
	EndGlobalSection
EndGlobal
